
Microsoft Visual Studio Solution File, Format Version 12.00
# Visual Studio 15
VisualStudioVersion = 15.0.28010.2041
MinimumVisualStudioVersion = 10.0.40219.1
Project("{9A19103F-16F7-4668-BE54-9A1E7A4F7556}") = "Compori", "src\Compori\Compori.csproj", "{468EF0A5-F094-4430-AC21-46C7236AE675}"
EndProject
Project("{9A19103F-16F7-4668-BE54-9A1E7A4F7556}") = "ComporiTest", "test\ComporiTest\ComporiTest.csproj", "{F1050DA2-175F-446B-A449-51216CEFD0F4}"
EndProject
Project("{FAE04EC0-301F-11D3-BF4B-00C04F79EFBC}") = "ComporiTest35", "test\ComporiTest35\ComporiTest35.csproj", "{594A09BA-8E9D-4B99-A691-33F62441936D}"
EndProject
Project("{9A19103F-16F7-4668-BE54-9A1E7A4F7556}") = "Compori.ServiceTask", "src\Compori.ServiceTask\Compori.ServiceTask.csproj", "{85199EED-A04B-4592-ADFD-61668B3AD2F7}"
EndProject
Global
	GlobalSection(SolutionConfigurationPlatforms) = preSolution
		Debug|Any CPU = Debug|Any CPU
		Release|Any CPU = Release|Any CPU
	EndGlobalSection
	GlobalSection(ProjectConfigurationPlatforms) = postSolution
		{468EF0A5-F094-4430-AC21-46C7236AE675}.Debug|Any CPU.ActiveCfg = Debug|Any CPU
		{468EF0A5-F094-4430-AC21-46C7236AE675}.Debug|Any CPU.Build.0 = Debug|Any CPU
		{468EF0A5-F094-4430-AC21-46C7236AE675}.Release|Any CPU.ActiveCfg = Release|Any CPU
		{468EF0A5-F094-4430-AC21-46C7236AE675}.Release|Any CPU.Build.0 = Release|Any CPU
		{F1050DA2-175F-446B-A449-51216CEFD0F4}.Debug|Any CPU.ActiveCfg = Debug|Any CPU
		{F1050DA2-175F-446B-A449-51216CEFD0F4}.Debug|Any CPU.Build.0 = Debug|Any CPU
		{F1050DA2-175F-446B-A449-51216CEFD0F4}.Release|Any CPU.ActiveCfg = Release|Any CPU
		{F1050DA2-175F-446B-A449-51216CEFD0F4}.Release|Any CPU.Build.0 = Release|Any CPU
		{594A09BA-8E9D-4B99-A691-33F62441936D}.Debug|Any CPU.ActiveCfg = Debug|Any CPU
		{594A09BA-8E9D-4B99-A691-33F62441936D}.Debug|Any CPU.Build.0 = Debug|Any CPU
		{594A09BA-8E9D-4B99-A691-33F62441936D}.Release|Any CPU.ActiveCfg = Release|Any CPU
		{594A09BA-8E9D-4B99-A691-33F62441936D}.Release|Any CPU.Build.0 = Release|Any CPU
		{85199EED-A04B-4592-ADFD-61668B3AD2F7}.Debug|Any CPU.ActiveCfg = Debug|Any CPU
		{85199EED-A04B-4592-ADFD-61668B3AD2F7}.Debug|Any CPU.Build.0 = Debug|Any CPU
		{85199EED-A04B-4592-ADFD-61668B3AD2F7}.Release|Any CPU.ActiveCfg = Release|Any CPU
		{85199EED-A04B-4592-ADFD-61668B3AD2F7}.Release|Any CPU.Build.0 = Release|Any CPU
	EndGlobalSection
	GlobalSection(SolutionProperties) = preSolution
		HideSolutionNode = FALSE
	EndGlobalSection
	GlobalSection(ExtensibilityGlobals) = postSolution
		SolutionGuid = {32DD0B0E-12C2-45C7-8C2F-C173DB6CB3EC}
	EndGlobalSection
EndGlobal
